Microsoft Visual Studio Solution File, Format Version 11.00
# Visual Studio 2008

Project("{295E3946-EC70-01AE-224C-2876135B9D3A}") = "Shepherd-Display-Unity", "Assembly-CSharp-firstpass.csproj", "{0DA3BC49-3029-3FC9-1EEB-CCCF855FAC1F}"
EndProject
Project("{295E3946-EC70-01AE-224C-2876135B9D3A}") = "Shepherd-Display-Unity", "Assembly-CSharp.csproj", "{8F125D35-F2B8-A9E2-D31A-6C8DD1253096}"
EndProject
Project("{295E3946-EC70-01AE-224C-2876135B9D3A}") = "Shepherd-Display-Unity", "Assembly-CSharp-Editor.csproj", "{F3224ACE-75DE-F225-10AF-780B85DC7AFC}"
EndProject
Global
	GlobalSection(SolutionConfigurationPlatforms) = preSolution
		Debug|Any CPU = Debug|Any CPU
		Release|Any CPU = Release|Any CPU
	EndGlobalSection
	GlobalSection(ProjectConfigurationPlatforms) = postSolution
		{0DA3BC49-3029-3FC9-1EEB-CCCF855FAC1F}.Debug|Any CPU.ActiveCfg = Debug|Any CPU
		{0DA3BC49-3029-3FC9-1EEB-CCCF855FAC1F}.Debug|Any CPU.Build.0 = Debug|Any CPU
		{0DA3BC49-3029-3FC9-1EEB-CCCF855FAC1F}.Release|Any CPU.ActiveCfg = Release|Any CPU
		{0DA3BC49-3029-3FC9-1EEB-CCCF855FAC1F}.Release|Any CPU.Build.0 = Release|Any CPU
		{8F125D35-F2B8-A9E2-D31A-6C8DD1253096}.Debug|Any CPU.ActiveCfg = Debug|Any CPU
		{8F125D35-F2B8-A9E2-D31A-6C8DD1253096}.Debug|Any CPU.Build.0 = Debug|Any CPU
		{8F125D35-F2B8-A9E2-D31A-6C8DD1253096}.Release|Any CPU.ActiveCfg = Release|Any CPU
		{8F125D35-F2B8-A9E2-D31A-6C8DD1253096}.Release|Any CPU.Build.0 = Release|Any CPU
		{F3224ACE-75DE-F225-10AF-780B85DC7AFC}.Debug|Any CPU.ActiveCfg = Debug|Any CPU
		{F3224ACE-75DE-F225-10AF-780B85DC7AFC}.Debug|Any CPU.Build.0 = Debug|Any CPU
		{F3224ACE-75DE-F225-10AF-780B85DC7AFC}.Release|Any CPU.ActiveCfg = Release|Any CPU
		{F3224ACE-75DE-F225-10AF-780B85DC7AFC}.Release|Any CPU.Build.0 = Release|Any CPU
	EndGlobalSection
	GlobalSection(SolutionProperties) = preSolution
		HideSolutionNode = FALSE
	EndGlobalSection
	GlobalSection(MonoDevelopProperties) = preSolution
		StartupItem = Assembly-CSharp.csproj
	EndGlobalSection
EndGlobal
